// !$*UTF8*$!
{
	archiveVersion = 1;
	classes = {
	};
	objectVersion = 55;
	objects = {

/* Begin PBXBuildFile section */
		E6B01E9028E35FAE00CB64E7 /* HttpClientAppApp.swift in Sources */ = {isa = PBXBuildFile; fileRef = E6B01E8F28E35FAE00CB64E7 /* HttpClientAppApp.swift */; };
		E6B01E9228E35FAE00CB64E7 /* LandingPage.swift in Sources */ = {isa = PBXBuildFile; fileRef = E6B01E9128E35FAE00CB64E7 /* LandingPage.swift */; };
		E6B01E9428E35FAF00CB64E7 /* Assets.xcassets in Resources */ = {isa = PBXBuildFile; fileRef = E6B01E9328E35FAF00CB64E7 /* Assets.xcassets */; };
		E6B01E9728E35FAF00CB64E7 /* Preview Assets.xcassets in Resources */ = {isa = PBXBuildFile; fileRef = E6B01E9628E35FAF00CB64E7 /* Preview Assets.xcassets */; };
		E6B01E9F28E35FCC00CB64E7 /* EndPoint.swift in Sources */ = {isa = PBXBuildFile; fileRef = E6B01E9E28E35FCC00CB64E7 /* EndPoint.swift */; };
		E6B01EA128E364E900CB64E7 /* HttpHandler.swift in Sources */ = {isa = PBXBuildFile; fileRef = E6B01EA028E364E900CB64E7 /* HttpHandler.swift */; };
		E6B01EA328E4805500CB64E7 /* RegionsService.swift in Sources */ = {isa = PBXBuildFile; fileRef = E6B01EA228E4805500CB64E7 /* RegionsService.swift */; };
		E6B01EA528E4AB6D00CB64E7 /* Extensions.swift in Sources */ = {isa = PBXBuildFile; fileRef = E6B01EA428E4AB6D00CB64E7 /* Extensions.swift */; };
/* End PBXBuildFile section */

/* Begin PBXFileReference section */
		E6B01E8C28E35FAE00CB64E7 /* HttpClientApp.app */ = {isa = PBXFileReference; explicitFileType = wrapper.application; includeInIndex = 0; path = HttpClientApp.app; sourceTree = BUILT_PRODUCTS_DIR; };
		E6B01E8F28E35FAE00CB64E7 /* HttpClientAppApp.swift */ = {isa = PBXFileReference; lastKnownFileType = sourcecode.swift; path = HttpClientAppApp.swift; sourceTree = "<group>"; };
		E6B01E9128E35FAE00CB64E7 /* LandingPage.swift */ = {isa = PBXFileReference; lastKnownFileType = sourcecode.swift; path = LandingPage.swift; sourceTree = "<group>"; };
		E6B01E9328E35FAF00CB64E7 /* Assets.xcassets */ = {isa = PBXFileReference; lastKnownFileType = folder.assetcatalog; path = Assets.xcassets; sourceTree = "<group>"; };
		E6B01E9628E35FAF00CB64E7 /* Preview Assets.xcassets */ = {isa = PBXFileReference; lastKnownFileType = folder.assetcatalog; path = "Preview Assets.xcassets"; sourceTree = "<group>"; };
		E6B01E9E28E35FCC00CB64E7 /* EndPoint.swift */ = {isa = PBXFileReference; lastKnownFileType = sourcecode.swift; path = EndPoint.swift; sourceTree = "<group>"; };
		E6B01EA028E364E900CB64E7 /* HttpHandler.swift */ = {isa = PBXFileReference; lastKnownFileType = sourcecode.swift; path = HttpHandler.swift; sourceTree = "<group>"; };
		E6B01EA228E4805500CB64E7 /* RegionsService.swift */ = {isa = PBXFileReference; lastKnownFileType = sourcecode.swift; path = RegionsService.swift; sourceTree = "<group>"; };
		E6B01EA428E4AB6D00CB64E7 /* Extensions.swift */ = {isa = PBXFileReference; lastKnownFileType = sourcecode.swift; path = Extensions.swift; sourceTree = "<group>"; };
/* End PBXFileReference section */

/* Begin PBXFrameworksBuildPhase section */
		E6B01E8928E35FAE00CB64E7 /* Frameworks */ = {
			isa = PBXFrameworksBuildPhase;
			buildActionMask = 2147483647;
			files = (
			);
			runOnlyForDeploymentPostprocessing = 0;
		};
/* End PBXFrameworksBuildPhase section */

/* Begin PBXGroup section */
		E6B01E8328E35FAE00CB64E7 = {
			isa = PBXGroup;
			children = (
				E6B01EA428E4AB6D00CB64E7 /* Extensions.swift */,
				E6B01E8E28E35FAE00CB64E7 /* HttpClientApp */,
				E6B01E8D28E35FAE00CB64E7 /* Products */,
			);
			sourceTree = "<group>";
		};
		E6B01E8D28E35FAE00CB64E7 /* Products */ = {
			isa = PBXGroup;
			children = (
				E6B01E8C28E35FAE00CB64E7 /* HttpClientApp.app */,
			);
			name = Products;
			sourceTree = "<group>";
		};
		E6B01E8E28E35FAE00CB64E7 /* HttpClientApp */ = {
			isa = PBXGroup;
			children = (
				E6B01E9D28E35FBD00CB64E7 /* Http Layer */,
				E6B01E8F28E35FAE00CB64E7 /* HttpClientAppApp.swift */,
				E6B01E9128E35FAE00CB64E7 /* LandingPage.swift */,
				E6B01E9328E35FAF00CB64E7 /* Assets.xcassets */,
				E6B01E9528E35FAF00CB64E7 /* Preview Content */,
				E6B01EA228E4805500CB64E7 /* RegionsService.swift */,
			);
			path = HttpClientApp;
			sourceTree = "<group>";
		};
		E6B01E9528E35FAF00CB64E7 /* Preview Content */ = {
			isa = PBXGroup;
			children = (
				E6B01E9628E35FAF00CB64E7 /* Preview Assets.xcassets */,
			);
			path = "Preview Content";
			sourceTree = "<group>";
		};
		E6B01E9D28E35FBD00CB64E7 /* Http Layer */ = {
			isa = PBXGroup;
			children = (
				E6B01E9E28E35FCC00CB64E7 /* EndPoint.swift */,
				E6B01EA028E364E900CB64E7 /* HttpHandler.swift */,
			);
			path = "Http Layer";
			sourceTree = "<group>";
		};
/* End PBXGroup section */

/* Begin PBXNativeTarget section */
		E6B01E8B28E35FAE00CB64E7 /* HttpClientApp */ = {
			isa = PBXNativeTarget;
			buildConfigurationList = E6B01E9A28E35FAF00CB64E7 /* Build configuration list for PBXNativeTarget "HttpClientApp" */;
			buildPhases = (
				E6B01E8828E35FAE00CB64E7 /* Sources */,
				E6B01E8928E35FAE00CB64E7 /* Frameworks */,
				E6B01E8A28E35FAE00CB64E7 /* Resources */,
			);
			buildRules = (
			);
			dependencies = (
			);
			name = HttpClientApp;
			productName = HttpClientApp;
			productReference = E6B01E8C28E35FAE00CB64E7 /* HttpClientApp.app */;
			productType = "com.apple.product-type.application";
		};
/* End PBXNativeTarget section */

/* Begin PBXProject section */
		E6B01E8428E35FAE00CB64E7 /* Project object */ = {
			isa = PBXProject;
			attributes = {
				BuildIndependentTargetsInParallel = 1;
				LastSwiftUpdateCheck = 1340;
				LastUpgradeCheck = 1340;
				TargetAttributes = {
					E6B01E8B28E35FAE00CB64E7 = {
						CreatedOnToolsVersion = 13.4.1;
					};
				};
			};
			buildConfigurationList = E6B01E8728E35FAE00CB64E7 /* Build configuration list for PBXProject "HttpClientApp" */;
			compatibilityVersion = "Xcode 13.0";
			developmentRegion = en;
			hasScannedForEncodings = 0;
			knownRegions = (
				en,
				Base,
			);
			mainGroup = E6B01E8328E35FAE00CB64E7;
			productRefGroup = E6B01E8D28E35FAE00CB64E7 /* Products */;
			projectDirPath = "";
			projectRoot = "";
			targets = (
				E6B01E8B28E35FAE00CB64E7 /* HttpClientApp */,
			);
		};
/* End PBXProject section */

/* Begin PBXResourcesBuildPhase section */
		E6B01E8A28E35FAE00CB64E7 /* Resources */ = {
			isa = PBXResourcesBuildPhase;
			buildActionMask = 2147483647;
			files = (
				E6B01E9728E35FAF00CB64E7 /* Preview Assets.xcassets in Resources */,
				E6B01E9428E35FAF00CB64E7 /* Assets.xcassets in Resources */,
			);
			runOnlyForDeploymentPostprocessing = 0;
		};
/* End PBXResourcesBuildPhase section */

/* Begin PBXSourcesBuildPhase section */
		E6B01E8828E35FAE00CB64E7 /* Sources */ = {
			isa = PBXSourcesBuildPhase;
			buildActionMask = 2147483647;
			files = (
				E6B01EA328E4805500CB64E7 /* RegionsService.swift in Sources */,
				E6B01EA528E4AB6D00CB64E7 /* Extensions.swift in Sources */,
				E6B01E9F28E35FCC00CB64E7 /* EndPoint.swift in Sources */,
				E6B01E9228E35FAE00CB64E7 /* LandingPage.swift in Sources */,
				E6B01EA128E364E900CB64E7 /* HttpHandler.swift in Sources */,
				E6B01E9028E35FAE00CB64E7 /* HttpClientAppApp.swift in Sources */,
			);
			runOnlyForDeploymentPostprocessing = 0;
		};
/* End PBXSourcesBuildPhase section */

/* Begin XCBuildConfiguration section */
		E6B01E9828E35FAF00CB64E7 /* Debug */ = {
			isa = XCBuildConfiguration;
			buildSettings = {
				ALWAYS_SEARCH_USER_PATHS = NO;
				CLANG_ANALYZER_NONNULL = YES;
				CLANG_ANALYZER_NUMBER_OBJECT_CONVERSION = YES_AGGRESSIVE;
				CLANG_CXX_LANGUAGE_STANDARD = "gnu++17";
				CLANG_ENABLE_MODULES = YES;
				CLANG_ENABLE_OBJC_ARC = YES;
				CLANG_ENABLE_OBJC_WEAK = YES;
				CLANG_WARN_BLOCK_CAPTURE_AUTORELEASING = YES;
				CLANG_WARN_BOOL_CONVERSION = YES;
				CLANG_WARN_COMMA = YES;
				CLANG_WARN_CONSTANT_CONVERSION = YES;
				CLANG_WARN_DEPRECATED_OBJC_IMPLEMENTATIONS = YES;
				CLANG_WARN_DIRECT_OBJC_ISA_USAGE = YES_ERROR;
				CLANG_WARN_DOCUMENTATION_COMMENTS = YES;
				CLANG_WARN_EMPTY_BODY = YES;
				CLANG_WARN_ENUM_CONVERSION = YES;
				CLANG_WARN_INFINITE_RECURSION = YES;
				CLANG_WARN_INT_CONVERSION = YES;
				CLANG_WARN_NON_LITERAL_NULL_CONVERSION = YES;
				CLANG_WARN_OBJC_IMPLICIT_RETAIN_SELF = YES;
				CLANG_WARN_OBJC_LITERAL_CONVERSION = YES;
				CLANG_WARN_OBJC_ROOT_CLASS = YES_ERROR;
				CLANG_WARN_QUOTED_INCLUDE_IN_FRAMEWORK_HEADER = YES;
				CLANG_WARN_RANGE_LOOP_ANALYSIS = YES;
				CLANG_WARN_STRICT_PROTOTYPES = YES;
				CLANG_WARN_SUSPICIOUS_MOVE = YES;
				CLANG_WARN_UNGUARDED_AVAILABILITY = YES_AGGRESSIVE;
				CLANG_WARN_UNREACHABLE_CODE = YES;
				CLANG_WARN__DUPLICATE_METHOD_MATCH = YES;
				COPY_PHASE_STRIP = NO;
				DEBUG_INFORMATION_FORMAT = dwarf;
				ENABLE_STRICT_OBJC_MSGSEND = YES;
				ENABLE_TESTABILITY = YES;
				GCC_C_LANGUAGE_STANDARD = gnu11;
				GCC_DYNAMIC_NO_PIC = NO;
				GCC_NO_COMMON_BLOCKS = YES;
				GCC_OPTIMIZATION_LEVEL = 0;
				GCC_PREPROCESSOR_DEFINITIONS = (
					"DEBUG=1",
					"$(inherited)",
				);
				GCC_WARN_64_TO_32_BIT_CONVERSION = YES;
				GCC_WARN_ABOUT_RETURN_TYPE = YES_ERROR;
				GCC_WARN_UNDECLARED_SELECTOR = YES;
				GCC_WARN_UNINITIALIZED_AUTOS = YES_AGGRESSIVE;
				GCC_WARN_UNUSED_FUNCTION = YES;
				GCC_WARN_UNUSED_VARIABLE = YES;
				IPHONEOS_DEPLOYMENT_TARGET = 15.5;
				MTL_ENABLE_DEBUG_INFO = INCLUDE_SOURCE;
				MTL_FAST_MATH = YES;
				ONLY_ACTIVE_ARCH = YES;
				SDKROOT = iphoneos;
				SWIFT_ACTIVE_COMPILATION_CONDITIONS = DEBUG;
				SWIFT_OPTIMIZATION_LEVEL = "-Onone";
			};
			name = Debug;
		};
		E6B01E9928E35FAF00CB64E7 /* Release */ = {
			isa = XCBuildConfiguration;
			buildSettings = {
				ALWAYS_SEARCH_USER_PATHS = NO;
				CLANG_ANALYZER_NONNULL = YES;
				CLANG_ANALYZER_NUMBER_OBJECT_CONVERSION = YES_AGGRESSIVE;
				CLANG_CXX_LANGUAGE_STANDARD = "gnu++17";
				CLANG_ENABLE_MODULES = YES;
				CLANG_ENABLE_OBJC_ARC = YES;
				CLANG_ENABLE_OBJC_WEAK = YES;
				CLANG_WARN_BLOCK_CAPTURE_AUTORELEASING = YES;
				CLANG_WARN_BOOL_CONVERSION = YES;
				CLANG_WARN_COMMA = YES;
				CLANG_WARN_CONSTANT_CONVERSION = YES;
				CLANG_WARN_DEPRECATED_OBJC_IMPLEMENTATIONS = YES;
				CLANG_WARN_DIRECT_OBJC_ISA_USAGE = YES_ERROR;
				CLANG_WARN_DOCUMENTATION_COMMENTS = YES;
				CLANG_WARN_EMPTY_BODY = YES;
				CLANG_WARN_ENUM_CONVERSION = YES;
				CLANG_WARN_INFINITE_RECURSION = YES;
				CLANG_WARN_INT_CONVERSION = YES;
				CLANG_WARN_NON_LITERAL_NULL_CONVERSION = YES;
				CLANG_WARN_OBJC_IMPLICIT_RETAIN_SELF = YES;
				CLANG_WARN_OBJC_LITERAL_CONVERSION = YES;
				CLANG_WARN_OBJC_ROOT_CLASS = YES_ERROR;
				CLANG_WARN_QUOTED_INCLUDE_IN_FRAMEWORK_HEADER = YES;
				CLANG_WARN_RANGE_LOOP_ANALYSIS = YES;
				CLANG_WARN_STRICT_PROTOTYPES = YES;
				CLANG_WARN_SUSPICIOUS_MOVE = YES;
				CLANG_WARN_UNGUARDED_AVAILABILITY = YES_AGGRESSIVE;
				CLANG_WARN_UNREACHABLE_CODE = YES;
				CLANG_WARN__DUPLICATE_METHOD_MATCH = YES;
				COPY_PHASE_STRIP = NO;
				DEBUG_INFORMATION_FORMAT = "dwarf-with-dsym";
				ENABLE_NS_ASSERTIONS = NO;
				ENABLE_STRICT_OBJC_MSGSEND = YES;
				GCC_C_LANGUAGE_STANDARD = gnu11;
				GCC_NO_COMMON_BLOCKS = YES;
				GCC_WARN_64_TO_32_BIT_CONVERSION = YES;
				GCC_WARN_ABOUT_RETURN_TYPE = YES_ERROR;
				GCC_WARN_UNDECLARED_SELECTOR = YES;
				GCC_WARN_UNINITIALIZED_AUTOS = YES_AGGRESSIVE;
				GCC_WARN_UNUSED_FUNCTION = YES;
				GCC_WARN_UNUSED_VARIABLE = YES;
				IPHONEOS_DEPLOYMENT_TARGET = 15.5;
				MTL_ENABLE_DEBUG_INFO = NO;
				MTL_FAST_MATH = YES;
				SDKROOT = iphoneos;
				SWIFT_COMPILATION_MODE = wholemodule;
				SWIFT_OPTIMIZATION_LEVEL = "-O";
				VALIDATE_PRODUCT = YES;
			};
			name = Release;
		};
		E6B01E9B28E35FAF00CB64E7 /* Debug */ = {
			isa = XCBuildConfiguration;
			buildSettings = {
				ASSETCATALOG_COMPILER_APPICON_NAME = AppIcon;
				ASSETCATALOG_COMPILER_GLOBAL_ACCENT_COLOR_NAME = AccentColor;
				CODE_SIGN_STYLE = Automatic;
				CURRENT_PROJECT_VERSION = 1;
				DEVELOPMENT_ASSET_PATHS = "\"HttpClientApp/Preview Content\"";
				ENABLE_PREVIEWS = YES;
				GENERATE_INFOPLIST_FILE = YES;
				INFOPLIST_KEY_UIApplicationSceneManifest_Generation = YES;
				INFOPLIST_KEY_UIApplicationSupportsIndirectInputEvents = YES;
				INFOPLIST_KEY_UILaunchScreen_Generation = YES;
				INFOPLIST_KEY_UISupportedInterfaceOrientations_iPad = "UIInterfaceOrientationPortrait UIInterfaceOrientationPortraitUpsideDown UIInterfaceOrientationLandscapeLeft UIInterfaceOrientationLandscapeRight";
				INFOPLIST_KEY_UISupportedInterfaceOrientations_iPhone = "UIInterfaceOrientationPortrait UIInterfaceOrientationLandscapeLeft UIInterfaceOrientationLandscapeRight";
				LD_RUNPATH_SEARCH_PATHS = (
					"$(inherited)",
					"@executable_path/Frameworks",
				);
				MARKETING_VERSION = 1.0;
				PRODUCT_BUNDLE_IDENTIFIER = abc.HttpClientApp;
				PRODUCT_NAME = "$(TARGET_NAME)";
				SWIFT_EMIT_LOC_STRINGS = YES;
				SWIFT_VERSION = 5.0;
				TARGETED_DEVICE_FAMILY = "1,2";
			};
			name = Debug;
		};
		E6B01E9C28E35FAF00CB64E7 /* Release */ = {
			isa = XCBuildConfiguration;
			buildSettings = {
				ASSETCATALOG_COMPILER_APPICON_NAME = AppIcon;
				ASSETCATALOG_COMPILER_GLOBAL_ACCENT_COLOR_NAME = AccentColor;
				CODE_SIGN_STYLE = Automatic;
				CURRENT_PROJECT_VERSION = 1;
				DEVELOPMENT_ASSET_PATHS = "\"HttpClientApp/Preview Content\"";
				ENABLE_PREVIEWS = YES;
				GENERATE_INFOPLIST_FILE = YES;
				INFOPLIST_KEY_UIApplicationSceneManifest_Generation = YES;
				INFOPLIST_KEY_UIApplicationSupportsIndirectInputEvents = YES;
				INFOPLIST_KEY_UILaunchScreen_Generation = YES;
				INFOPLIST_KEY_UISupportedInterfaceOrientations_iPad = "UIInterfaceOrientationPortrait UIInterfaceOrientationPortraitUpsideDown UIInterfaceOrientationLandscapeLeft UIInterfaceOrientationLandscapeRight";
				INFOPLIST_KEY_UISupportedInterfaceOrientations_iPhone = "UIInterfaceOrientationPortrait UIInterfaceOrientationLandscapeLeft UIInterfaceOrientationLandscapeRight";
				LD_RUNPATH_SEARCH_PATHS = (
					"$(inherited)",
					"@executable_path/Frameworks",
				);
				MARKETING_VERSION = 1.0;
				PRODUCT_BUNDLE_IDENTIFIER = abc.HttpClientApp;
				PRODUCT_NAME = "$(TARGET_NAME)";
				SWIFT_EMIT_LOC_STRINGS = YES;
				SWIFT_VERSION = 5.0;
				TARGETED_DEVICE_FAMILY = "1,2";
			};
			name = Release;
		};
/* End XCBuildConfiguration section */

/* Begin XCConfigurationList section */
		E6B01E8728E35FAE00CB64E7 /* Build configuration list for PBXProject "HttpClientApp" */ = {
			isa = XCConfigurationList;
			buildConfigurations = (
				E6B01E9828E35FAF00CB64E7 /* Debug */,
				E6B01E9928E35FAF00CB64E7 /* Release */,
			);
			defaultConfigurationIsVisible = 0;
			defaultConfigurationName = Release;
		};
		E6B01E9A28E35FAF00CB64E7 /* Build configuration list for PBXNativeTarget "HttpClientApp" */ = {
			isa = XCConfigurationList;
			buildConfigurations = (
				E6B01E9B28E35FAF00CB64E7 /* Debug */,
				E6B01E9C28E35FAF00CB64E7 /* Release */,
			);
			defaultConfigurationIsVisible = 0;
			defaultConfigurationName = Release;
		};
/* End XCConfigurationList section */
	};
	rootObject = E6B01E8428E35FAE00CB64E7 /* Project object */;
}
